{
  "architecture_id": "757575a7401c5c5c21c561452e5bef699e7271c80e0eaf7024e3da066ea8ad1a",
  "computed_by": {
    "architecture_id": "I_A = H(Can(RA-Register)) — Regel 6.7, Definition 1.6. Siehe architecture/architecture.lock.json.",
    "constitution_id": "I_C = H(Can(C)) — Regel 6.7. Quelle constitution.lock.json liegt ausserhalb von PSK-RA v1.0 (Elternnorm 2, CPSK) und wurde dieser Implementierung nicht vorgelegt.",
    "implementation_id": "I_M = H(Code || Schemas || Compiler || Profil) — Regel 6.7. Erst sinnvoll nach einem realen Build (fruehestens I1)."
  },
  "constitution_id": "676e8cb42fe633f5795df66989ee1803375165cc88304b60b013838af70325d9",
  "implementation_id": null,
  "note": "Struktur 26.1 fordert PSK.lock als Repository-Artefakt ab I0. Die drei Identitaeten sind normativ vier getrennte Groessen (Invariante 1.7) und werden erst gefuellt, wenn ihre jeweilige Berechnungsgrundlage existiert.",
  "pending_since_phase": "I0",
  "schema": "psk.repository-lock/1.0"
}
