{
  "architecture_id": "6f98558e612db3f96a83ce6801d7db78da657ad3380de22445ba8546393fd4fe",
  "computed_by": {
    "architecture_id": "I_A = H(Can(RA-Register)) — Regel 6.7, Definition 1.6. Siehe architecture/architecture.lock.json.",
    "constitution_id": "I_C = H(Can(C)) — Regel 6.7. Quelle constitution.lock.json liegt ausserhalb von PSK-RA v1.0 (Elternnorm 2, CPSK) und wurde dieser Implementierung nicht vorgelegt.",
    "implementation_id": "I_M = H(Code || Schemas || Compiler || Profil) — Regel 6.7. Erst sinnvoll nach einem realen Build (fruehestens I1)."
  },
  "constitution_id": "8976314586b9b5ec6386858dfe0a0c6339848d4d0d0b419f14746ca9368432a1",
  "implementation_id": null,
  "note": "Struktur 26.1 fordert PSK.lock als Repository-Artefakt ab I0. Die drei Identitaeten sind normativ vier getrennte Groessen (Invariante 1.7) und werden erst gefuellt, wenn ihre jeweilige Berechnungsgrundlage existiert.",
  "pending_since_phase": "I0",
  "schema": "psk.repository-lock/1.0"
}
