{
  "architecture_id": "89ce5c3530010f3588901653f6bf1ed8997b5537ab8887185d4263f6a19dce37",
  "computed_by": {
    "architecture_id": "I_A = H(Can(RA-Register)) — Regel 6.7, Definition 1.6. Siehe architecture/architecture.lock.json.",
    "constitution_id": "I_C = H(Can(C)) — Regel 6.7. Quelle constitution.lock.json liegt ausserhalb von PSK-RA v1.0 (Elternnorm 2, CPSK) und wurde dieser Implementierung nicht vorgelegt.",
    "implementation_id": "I_M = H(Code || Schemas || Compiler || Profil) — Regel 6.7. Erst sinnvoll nach einem realen Build (fruehestens I1)."
  },
  "constitution_id": "3d59eed937b1f7099cf7eb4aee4d32ba482a530a071f60e18b4ed2268cf94f6c",
  "implementation_id": null,
  "note": "Struktur 26.1 fordert PSK.lock als Repository-Artefakt ab I0. Die drei Identitaeten sind normativ vier getrennte Groessen (Invariante 1.7) und werden erst gefuellt, wenn ihre jeweilige Berechnungsgrundlage existiert.",
  "pending_since_phase": "I0",
  "schema": "psk.repository-lock/1.0"
}
